
Microsoft Visual Studio Solution File, Format Version 12.00
Project("{FAE04EC0-301F-11D3-BF4B-00C04F79EFBC}") = "TokenService", "TokenService\TokenService.csproj", "{58C8915F-0196-47CE-96BC-D04308A1EB9F}"
EndProject
Project("{FAE04EC0-301F-11D3-BF4B-00C04F79EFBC}") = "TokenServiceTest", "TokenServiceTest\TokenServiceTest.csproj", "{6551696D-C858-4419-96B6-CA0BA2A19519}"
EndProject
Project("{FAE04EC0-301F-11D3-BF4B-00C04F79EFBC}") = "WebTrest", "WebTrest\WebTrest.csproj", "{687BA244-8156-4079-BAC0-6278A4875DC3}"
EndProject
Project("{FAE04EC0-301F-11D3-BF4B-00C04F79EFBC}") = "TokenServiceClient.Website", "TokenServiceClient.Website\TokenServiceClient.Website.csproj", "{52D89C39-FD57-4CE0-841F-613BAACC2962}"
EndProject
Project("{FAE04EC0-301F-11D3-BF4B-00C04F79EFBC}") = "CallFromConsoleApp", "CallFromConsoleApp\CallFromConsoleApp.csproj", "{889A81A4-879F-4CC7-B35A-C734B8E04EA3}"
EndProject
Project("{FAE04EC0-301F-11D3-BF4B-00C04F79EFBC}") = "TokenServiceClient.Native", "TokenServiceClient.Native\TokenServiceClient.Native.csproj", "{E7E15C1D-E79F-4324-A02A-920BAD5BB297}"
EndProject
Project("{FAE04EC0-301F-11D3-BF4B-00C04F79EFBC}") = "Melville.AspNetCoreLocalLog", "Melville.AspNetCoreLocalLog\Melville.AspNetCoreLocalLog.csproj", "{89A9B71D-E392-4EE8-8F88-746FFBF43FCB}"
EndProject
Global
	GlobalSection(SolutionConfigurationPlatforms) = preSolution
		Debug|Any CPU = Debug|Any CPU
		Release|Any CPU = Release|Any CPU
	EndGlobalSection
	GlobalSection(ProjectConfigurationPlatforms) = postSolution
		{58C8915F-0196-47CE-96BC-D04308A1EB9F}.Debug|Any CPU.ActiveCfg = Debug|Any CPU
		{58C8915F-0196-47CE-96BC-D04308A1EB9F}.Debug|Any CPU.Build.0 = Debug|Any CPU
		{58C8915F-0196-47CE-96BC-D04308A1EB9F}.Release|Any CPU.ActiveCfg = Release|Any CPU
		{58C8915F-0196-47CE-96BC-D04308A1EB9F}.Release|Any CPU.Build.0 = Release|Any CPU
		{6551696D-C858-4419-96B6-CA0BA2A19519}.Debug|Any CPU.ActiveCfg = Debug|Any CPU
		{6551696D-C858-4419-96B6-CA0BA2A19519}.Debug|Any CPU.Build.0 = Debug|Any CPU
		{6551696D-C858-4419-96B6-CA0BA2A19519}.Release|Any CPU.ActiveCfg = Release|Any CPU
		{6551696D-C858-4419-96B6-CA0BA2A19519}.Release|Any CPU.Build.0 = Release|Any CPU
		{687BA244-8156-4079-BAC0-6278A4875DC3}.Debug|Any CPU.ActiveCfg = Debug|Any CPU
		{687BA244-8156-4079-BAC0-6278A4875DC3}.Debug|Any CPU.Build.0 = Debug|Any CPU
		{687BA244-8156-4079-BAC0-6278A4875DC3}.Release|Any CPU.ActiveCfg = Release|Any CPU
		{687BA244-8156-4079-BAC0-6278A4875DC3}.Release|Any CPU.Build.0 = Release|Any CPU
		{52D89C39-FD57-4CE0-841F-613BAACC2962}.Debug|Any CPU.ActiveCfg = Debug|Any CPU
		{52D89C39-FD57-4CE0-841F-613BAACC2962}.Debug|Any CPU.Build.0 = Debug|Any CPU
		{52D89C39-FD57-4CE0-841F-613BAACC2962}.Release|Any CPU.ActiveCfg = Release|Any CPU
		{52D89C39-FD57-4CE0-841F-613BAACC2962}.Release|Any CPU.Build.0 = Release|Any CPU
		{889A81A4-879F-4CC7-B35A-C734B8E04EA3}.Debug|Any CPU.ActiveCfg = Debug|Any CPU
		{889A81A4-879F-4CC7-B35A-C734B8E04EA3}.Debug|Any CPU.Build.0 = Debug|Any CPU
		{889A81A4-879F-4CC7-B35A-C734B8E04EA3}.Release|Any CPU.ActiveCfg = Release|Any CPU
		{889A81A4-879F-4CC7-B35A-C734B8E04EA3}.Release|Any CPU.Build.0 = Release|Any CPU
		{E7E15C1D-E79F-4324-A02A-920BAD5BB297}.Debug|Any CPU.ActiveCfg = Debug|Any CPU
		{E7E15C1D-E79F-4324-A02A-920BAD5BB297}.Debug|Any CPU.Build.0 = Debug|Any CPU
		{E7E15C1D-E79F-4324-A02A-920BAD5BB297}.Release|Any CPU.ActiveCfg = Release|Any CPU
		{E7E15C1D-E79F-4324-A02A-920BAD5BB297}.Release|Any CPU.Build.0 = Release|Any CPU
		{89A9B71D-E392-4EE8-8F88-746FFBF43FCB}.Debug|Any CPU.ActiveCfg = Debug|Any CPU
		{89A9B71D-E392-4EE8-8F88-746FFBF43FCB}.Debug|Any CPU.Build.0 = Debug|Any CPU
		{89A9B71D-E392-4EE8-8F88-746FFBF43FCB}.Release|Any CPU.ActiveCfg = Release|Any CPU
		{89A9B71D-E392-4EE8-8F88-746FFBF43FCB}.Release|Any CPU.Build.0 = Release|Any CPU
	EndGlobalSection
EndGlobal
